// !$*UTF8*$!
{
	archiveVersion = 1;
	classes = {
	};
	objectVersion = 55;
	objects = {

/* Begin PBXBuildFile section */
		DE172CE22818308300FE059A /* AppDelegate.swift in Sources */ = {isa = PBXBuildFile; fileRef = DE172CE12818308300FE059A /* AppDelegate.swift */; };
		DE172CE42818308300FE059A /* SceneDelegate.swift in Sources */ = {isa = PBXBuildFile; fileRef = DE172CE32818308300FE059A /* SceneDelegate.swift */; };
		DE172CE62818308300FE059A /* ViewController.swift in Sources */ = {isa = PBXBuildFile; fileRef = DE172CE52818308300FE059A /* ViewController.swift */; };
		DE172CE92818308300FE059A /* Main.storyboard in Resources */ = {isa = PBXBuildFile; fileRef = DE172CE72818308300FE059A /* Main.storyboard */; };
		DE172CEB2818308600FE059A /* Assets.xcassets in Resources */ = {isa = PBXBuildFile; fileRef = DE172CEA2818308600FE059A /* Assets.xcassets */; };
		DE172CEE2818308600FE059A /* LaunchScreen.storyboard in Resources */ = {isa = PBXBuildFile; fileRef = DE172CEC2818308600FE059A /* LaunchScreen.storyboard */; };
		DE172CF92818308600FE059A /* Background_Modes_SoundTests.swift in Sources */ = {isa = PBXBuildFile; fileRef = DE172CF82818308600FE059A /* Background_Modes_SoundTests.swift */; };
		DE172D032818308600FE059A /* Background_Modes_SoundUITests.swift in Sources */ = {isa = PBXBuildFile; fileRef = DE172D022818308600FE059A /* Background_Modes_SoundUITests.swift */; };
		DE172D052818308600FE059A /* Background_Modes_SoundUITestsLaunchTests.swift in Sources */ = {isa = PBXBuildFile; fileRef = DE172D042818308600FE059A /* Background_Modes_SoundUITestsLaunchTests.swift */; };
		DE172D122818312500FE059A /* music.mp3 in Resources */ = {isa = PBXBuildFile; fileRef = DE172D112818312500FE059A /* music.mp3 */; };
/* End PBXBuildFile section */

/* Begin PBXContainerItemProxy section */
		DE172CF52818308600FE059A /* PBXContainerItemProxy */ = {
			isa = PBXContainerItemProxy;
			containerPortal = DE172CD62818308300FE059A /* Project object */;
			proxyType = 1;
			remoteGlobalIDString = DE172CDD2818308300FE059A;
			remoteInfo = "Background Modes Sound";
		};
		DE172CFF2818308600FE059A /* PBXContainerItemProxy */ = {
			isa = PBXContainerItemProxy;
			containerPortal = DE172CD62818308300FE059A /* Project object */;
			proxyType = 1;
			remoteGlobalIDString = DE172CDD2818308300FE059A;
			remoteInfo = "Background Modes Sound";
		};
/* End PBXContainerItemProxy section */

/* Begin PBXFileReference section */
		DE172CDE2818308300FE059A /* Background Modes Sound.app */ = {isa = PBXFileReference; explicitFileType = wrapper.application; includeInIndex = 0; path = "Background Modes Sound.app"; sourceTree = BUILT_PRODUCTS_DIR; };
		DE172CE12818308300FE059A /* AppDelegate.swift */ = {isa = PBXFileReference; lastKnownFileType = sourcecode.swift; path = AppDelegate.swift; sourceTree = "<group>"; };
		DE172CE32818308300FE059A /* SceneDelegate.swift */ = {isa = PBXFileReference; lastKnownFileType = sourcecode.swift; path = SceneDelegate.swift; sourceTree = "<group>"; };
		DE172CE52818308300FE059A /* ViewController.swift */ = {isa = PBXFileReference; lastKnownFileType = sourcecode.swift; path = ViewController.swift; sourceTree = "<group>"; };
		DE172CE82818308300FE059A /* Base */ = {isa = PBXFileReference; lastKnownFileType = file.storyboard; name = Base; path = Base.lproj/Main.storyboard; sourceTree = "<group>"; };
		DE172CEA2818308600FE059A /* Assets.xcassets */ = {isa = PBXFileReference; lastKnownFileType = folder.assetcatalog; path = Assets.xcassets; sourceTree = "<group>"; };
		DE172CED2818308600FE059A /* Base */ = {isa = PBXFileReference; lastKnownFileType = file.storyboard; name = Base; path = Base.lproj/LaunchScreen.storyboard; sourceTree = "<group>"; };
		DE172CEF2818308600FE059A /* Info.plist */ = {isa = PBXFileReference; lastKnownFileType = text.plist.xml; path = Info.plist; sourceTree = "<group>"; };
		DE172CF42818308600FE059A /* Background Modes SoundTests.xctest */ = {isa = PBXFileReference; explicitFileType = wrapper.cfbundle; includeInIndex = 0; path = "Background Modes SoundTests.xctest"; sourceTree = BUILT_PRODUCTS_DIR; };
		DE172CF82818308600FE059A /* Background_Modes_SoundTests.swift */ = {isa = PBXFileReference; lastKnownFileType = sourcecode.swift; path = Background_Modes_SoundTests.swift; sourceTree = "<group>"; };
		DE172CFE2818308600FE059A /* Background Modes SoundUITests.xctest */ = {isa = PBXFileReference; explicitFileType = wrapper.cfbundle; includeInIndex = 0; path = "Background Modes SoundUITests.xctest"; sourceTree = BUILT_PRODUCTS_DIR; };
		DE172D022818308600FE059A /* Background_Modes_SoundUITests.swift */ = {isa = PBXFileReference; lastKnownFileType = sourcecode.swift; path = Background_Modes_SoundUITests.swift; sourceTree = "<group>"; };
		DE172D042818308600FE059A /* Background_Modes_SoundUITestsLaunchTests.swift */ = {isa = PBXFileReference; lastKnownFileType = sourcecode.swift; path = Background_Modes_SoundUITestsLaunchTests.swift; sourceTree = "<group>"; };
		DE172D112818312500FE059A /* music.mp3 */ = {isa = PBXFileReference; lastKnownFileType = audio.mp3; path = music.mp3; sourceTree = "<group>"; };
/* End PBXFileReference section */

/* Begin PBXFrameworksBuildPhase section */
		DE172CDB2818308300FE059A /* Frameworks */ = {
			isa = PBXFrameworksBuildPhase;
			buildActionMask = 2147483647;
			files = (
			);
			runOnlyForDeploymentPostprocessing = 0;
		};
		DE172CF12818308600FE059A /* Frameworks */ = {
			isa = PBXFrameworksBuildPhase;
			buildActionMask = 2147483647;
			files = (
			);
			runOnlyForDeploymentPostprocessing = 0;
		};
		DE172CFB2818308600FE059A /* Frameworks */ = {
			isa = PBXFrameworksBuildPhase;
			buildActionMask = 2147483647;
			files = (
			);
			runOnlyForDeploymentPostprocessing = 0;
		};
/* End PBXFrameworksBuildPhase section */

/* Begin PBXGroup section */
		DE172CD52818308300FE059A = {
			isa = PBXGroup;
			children = (
				DE172CE02818308300FE059A /* Background Modes Sound */,
				DE172CF72818308600FE059A /* Background Modes SoundTests */,
				DE172D012818308600FE059A /* Background Modes SoundUITests */,
				DE172CDF2818308300FE059A /* Products */,
			);
			sourceTree = "<group>";
		};
		DE172CDF2818308300FE059A /* Products */ = {
			isa = PBXGroup;
			children = (
				DE172CDE2818308300FE059A /* Background Modes Sound.app */,
				DE172CF42818308600FE059A /* Background Modes SoundTests.xctest */,
				DE172CFE2818308600FE059A /* Background Modes SoundUITests.xctest */,
			);
			name = Products;
			sourceTree = "<group>";
		};
		DE172CE02818308300FE059A /* Background Modes Sound */ = {
			isa = PBXGroup;
			children = (
				DE172CE12818308300FE059A /* AppDelegate.swift */,
				DE172CE32818308300FE059A /* SceneDelegate.swift */,
				DE172CE52818308300FE059A /* ViewController.swift */,
				DE172CE72818308300FE059A /* Main.storyboard */,
				DE172CEA2818308600FE059A /* Assets.xcassets */,
				DE172CEC2818308600FE059A /* LaunchScreen.storyboard */,
				DE172CEF2818308600FE059A /* Info.plist */,
				DE172D112818312500FE059A /* music.mp3 */,
			);
			path = "Background Modes Sound";
			sourceTree = "<group>";
		};
		DE172CF72818308600FE059A /* Background Modes SoundTests */ = {
			isa = PBXGroup;
			children = (
				DE172CF82818308600FE059A /* Background_Modes_SoundTests.swift */,
			);
			path = "Background Modes SoundTests";
			sourceTree = "<group>";
		};
		DE172D012818308600FE059A /* Background Modes SoundUITests */ = {
			isa = PBXGroup;
			children = (
				DE172D022818308600FE059A /* Background_Modes_SoundUITests.swift */,
				DE172D042818308600FE059A /* Background_Modes_SoundUITestsLaunchTests.swift */,
			);
			path = "Background Modes SoundUITests";
			sourceTree = "<group>";
		};
/* End PBXGroup section */

/* Begin PBXNativeTarget section */
		DE172CDD2818308300FE059A /* Background Modes Sound */ = {
			isa = PBXNativeTarget;
			buildConfigurationList = DE172D082818308600FE059A /* Build configuration list for PBXNativeTarget "Background Modes Sound" */;
			buildPhases = (
				DE172CDA2818308300FE059A /* Sources */,
				DE172CDB2818308300FE059A /* Frameworks */,
				DE172CDC2818308300FE059A /* Resources */,
			);
			buildRules = (
			);
			dependencies = (
			);
			name = "Background Modes Sound";
			productName = "Background Modes Sound";
			productReference = DE172CDE2818308300FE059A /* Background Modes Sound.app */;
			productType = "com.apple.product-type.application";
		};
		DE172CF32818308600FE059A /* Background Modes SoundTests */ = {
			isa = PBXNativeTarget;
			buildConfigurationList = DE172D0B2818308600FE059A /* Build configuration list for PBXNativeTarget "Background Modes SoundTests" */;
			buildPhases = (
				DE172CF02818308600FE059A /* Sources */,
				DE172CF12818308600FE059A /* Frameworks */,
				DE172CF22818308600FE059A /* Resources */,
			);
			buildRules = (
			);
			dependencies = (
				DE172CF62818308600FE059A /* PBXTargetDependency */,
			);
			name = "Background Modes SoundTests";
			productName = "Background Modes SoundTests";
			productReference = DE172CF42818308600FE059A /* Background Modes SoundTests.xctest */;
			productType = "com.apple.product-type.bundle.unit-test";
		};
		DE172CFD2818308600FE059A /* Background Modes SoundUITests */ = {
			isa = PBXNativeTarget;
			buildConfigurationList = DE172D0E2818308600FE059A /* Build configuration list for PBXNativeTarget "Background Modes SoundUITests" */;
			buildPhases = (
				DE172CFA2818308600FE059A /* Sources */,
				DE172CFB2818308600FE059A /* Frameworks */,
				DE172CFC2818308600FE059A /* Resources */,
			);
			buildRules = (
			);
			dependencies = (
				DE172D002818308600FE059A /* PBXTargetDependency */,
			);
			name = "Background Modes SoundUITests";
			productName = "Background Modes SoundUITests";
			productReference = DE172CFE2818308600FE059A /* Background Modes SoundUITests.xctest */;
			productType = "com.apple.product-type.bundle.ui-testing";
		};
/* End PBXNativeTarget section */

/* Begin PBXProject section */
		DE172CD62818308300FE059A /* Project object */ = {
			isa = PBXProject;
			attributes = {
				BuildIndependentTargetsInParallel = 1;
				LastSwiftUpdateCheck = 1320;
				LastUpgradeCheck = 1320;
				TargetAttributes = {
					DE172CDD2818308300FE059A = {
						CreatedOnToolsVersion = 13.2.1;
					};
					DE172CF32818308600FE059A = {
						CreatedOnToolsVersion = 13.2.1;
						TestTargetID = DE172CDD2818308300FE059A;
					};
					DE172CFD2818308600FE059A = {
						CreatedOnToolsVersion = 13.2.1;
						TestTargetID = DE172CDD2818308300FE059A;
					};
				};
			};
			buildConfigurationList = DE172CD92818308300FE059A /* Build configuration list for PBXProject "Background Modes Sound" */;
			compatibilityVersion = "Xcode 13.0";
			developmentRegion = en;
			hasScannedForEncodings = 0;
			knownRegions = (
				en,
				Base,
			);
			mainGroup = DE172CD52818308300FE059A;
			productRefGroup = DE172CDF2818308300FE059A /* Products */;
			projectDirPath = "";
			projectRoot = "";
			targets = (
				DE172CDD2818308300FE059A /* Background Modes Sound */,
				DE172CF32818308600FE059A /* Background Modes SoundTests */,
				DE172CFD2818308600FE059A /* Background Modes SoundUITests */,
			);
		};
/* End PBXProject section */

/* Begin PBXResourcesBuildPhase section */
		DE172CDC2818308300FE059A /* Resources */ = {
			isa = PBXResourcesBuildPhase;
			buildActionMask = 2147483647;
			files = (
				DE172D122818312500FE059A /* music.mp3 in Resources */,
				DE172CEE2818308600FE059A /* LaunchScreen.storyboard in Resources */,
				DE172CEB2818308600FE059A /* Assets.xcassets in Resources */,
				DE172CE92818308300FE059A /* Main.storyboard in Resources */,
			);
			runOnlyForDeploymentPostprocessing = 0;
		};
		DE172CF22818308600FE059A /* Resources */ = {
			isa = PBXResourcesBuildPhase;
			buildActionMask = 2147483647;
			files = (
			);
			runOnlyForDeploymentPostprocessing = 0;
		};
		DE172CFC2818308600FE059A /* Resources */ = {
			isa = PBXResourcesBuildPhase;
			buildActionMask = 2147483647;
			files = (
			);
			runOnlyForDeploymentPostprocessing = 0;
		};
/* End PBXResourcesBuildPhase section */

/* Begin PBXSourcesBuildPhase section */
		DE172CDA2818308300FE059A /* Sources */ = {
			isa = PBXSourcesBuildPhase;
			buildActionMask = 2147483647;
			files = (
				DE172CE62818308300FE059A /* ViewController.swift in Sources */,
				DE172CE22818308300FE059A /* AppDelegate.swift in Sources */,
				DE172CE42818308300FE059A /* SceneDelegate.swift in Sources */,
			);
			runOnlyForDeploymentPostprocessing = 0;
		};
		DE172CF02818308600FE059A /* Sources */ = {
			isa = PBXSourcesBuildPhase;
			buildActionMask = 2147483647;
			files = (
				DE172CF92818308600FE059A /* Background_Modes_SoundTests.swift in Sources */,
			);
			runOnlyForDeploymentPostprocessing = 0;
		};
		DE172CFA2818308600FE059A /* Sources */ = {
			isa = PBXSourcesBuildPhase;
			buildActionMask = 2147483647;
			files = (
				DE172D032818308600FE059A /* Background_Modes_SoundUITests.swift in Sources */,
				DE172D052818308600FE059A /* Background_Modes_SoundUITestsLaunchTests.swift in Sources */,
			);
			runOnlyForDeploymentPostprocessing = 0;
		};
/* End PBXSourcesBuildPhase section */

/* Begin PBXTargetDependency section */
		DE172CF62818308600FE059A /* PBXTargetDependency */ = {
			isa = PBXTargetDependency;
			target = DE172CDD2818308300FE059A /* Background Modes Sound */;
			targetProxy = DE172CF52818308600FE059A /* PBXContainerItemProxy */;
		};
		DE172D002818308600FE059A /* PBXTargetDependency */ = {
			isa = PBXTargetDependency;
			target = DE172CDD2818308300FE059A /* Background Modes Sound */;
			targetProxy = DE172CFF2818308600FE059A /* PBXContainerItemProxy */;
		};
/* End PBXTargetDependency section */

/* Begin PBXVariantGroup section */
		DE172CE72818308300FE059A /* Main.storyboard */ = {
			isa = PBXVariantGroup;
			children = (
				DE172CE82818308300FE059A /* Base */,
			);
			name = Main.storyboard;
			sourceTree = "<group>";
		};
		DE172CEC2818308600FE059A /* LaunchScreen.storyboard */ = {
			isa = PBXVariantGroup;
			children = (
				DE172CED2818308600FE059A /* Base */,
			);
			name = LaunchScreen.storyboard;
			sourceTree = "<group>";
		};
/* End PBXVariantGroup section */

/* Begin XCBuildConfiguration section */
		DE172D062818308600FE059A /* Debug */ = {
			isa = XCBuildConfiguration;
			buildSettings = {
				ALWAYS_SEARCH_USER_PATHS = NO;
				CLANG_ANALYZER_NONNULL = YES;
				CLANG_ANALYZER_NUMBER_OBJECT_CONVERSION = YES_AGGRESSIVE;
				CLANG_CXX_LANGUAGE_STANDARD = "gnu++17";
				CLANG_CXX_LIBRARY = "libc++";
				CLANG_ENABLE_MODULES = YES;
				CLANG_ENABLE_OBJC_ARC = YES;
				CLANG_ENABLE_OBJC_WEAK = YES;
				CLANG_WARN_BLOCK_CAPTURE_AUTORELEASING = YES;
				CLANG_WARN_BOOL_CONVERSION = YES;
				CLANG_WARN_COMMA = YES;
				CLANG_WARN_CONSTANT_CONVERSION = YES;
				CLANG_WARN_DEPRECATED_OBJC_IMPLEMENTATIONS = YES;
				CLANG_WARN_DIRECT_OBJC_ISA_USAGE = YES_ERROR;
				CLANG_WARN_DOCUMENTATION_COMMENTS = YES;
				CLANG_WARN_EMPTY_BODY = YES;
				CLANG_WARN_ENUM_CONVERSION = YES;
				CLANG_WARN_INFINITE_RECURSION = YES;
				CLANG_WARN_INT_CONVERSION = YES;
				CLANG_WARN_NON_LITERAL_NULL_CONVERSION = YES;
				CLANG_WARN_OBJC_IMPLICIT_RETAIN_SELF = YES;
				CLANG_WARN_OBJC_LITERAL_CONVERSION = YES;
				CLANG_WARN_OBJC_ROOT_CLASS = YES_ERROR;
				CLANG_WARN_QUOTED_INCLUDE_IN_FRAMEWORK_HEADER = YES;
				CLANG_WARN_RANGE_LOOP_ANALYSIS = YES;
				CLANG_WARN_STRICT_PROTOTYPES = YES;
				CLANG_WARN_SUSPICIOUS_MOVE = YES;
				CLANG_WARN_UNGUARDED_AVAILABILITY = YES_AGGRESSIVE;
				CLANG_WARN_UNREACHABLE_CODE = YES;
				CLANG_WARN__DUPLICATE_METHOD_MATCH = YES;
				COPY_PHASE_STRIP = NO;
				DEBUG_INFORMATION_FORMAT = dwarf;
				ENABLE_STRICT_OBJC_MSGSEND = YES;
				ENABLE_TESTABILITY = YES;
				GCC_C_LANGUAGE_STANDARD = gnu11;
				GCC_DYNAMIC_NO_PIC = NO;
				GCC_NO_COMMON_BLOCKS = YES;
				GCC_OPTIMIZATION_LEVEL = 0;
				GCC_PREPROCESSOR_DEFINITIONS = (
					"DEBUG=1",
					"$(inherited)",
				);
				GCC_WARN_64_TO_32_BIT_CONVERSION = YES;
				GCC_WARN_ABOUT_RETURN_TYPE = YES_ERROR;
				GCC_WARN_UNDECLARED_SELECTOR = YES;
				GCC_WARN_UNINITIALIZED_AUTOS = YES_AGGRESSIVE;
				GCC_WARN_UNUSED_FUNCTION = YES;
				GCC_WARN_UNUSED_VARIABLE = YES;
				IPHONEOS_DEPLOYMENT_TARGET = 15.2;
				MTL_ENABLE_DEBUG_INFO = INCLUDE_SOURCE;
				MTL_FAST_MATH = YES;
				ONLY_ACTIVE_ARCH = YES;
				SDKROOT = iphoneos;
				SWIFT_ACTIVE_COMPILATION_CONDITIONS = DEBUG;
				SWIFT_OPTIMIZATION_LEVEL = "-Onone";
			};
			name = Debug;
		};
		DE172D072818308600FE059A /* Release */ = {
			isa = XCBuildConfiguration;
			buildSettings = {
				ALWAYS_SEARCH_USER_PATHS = NO;
				CLANG_ANALYZER_NONNULL = YES;
				CLANG_ANALYZER_NUMBER_OBJECT_CONVERSION = YES_AGGRESSIVE;
				CLANG_CXX_LANGUAGE_STANDARD = "gnu++17";
				CLANG_CXX_LIBRARY = "libc++";
				CLANG_ENABLE_MODULES = YES;
				CLANG_ENABLE_OBJC_ARC = YES;
				CLANG_ENABLE_OBJC_WEAK = YES;
				CLANG_WARN_BLOCK_CAPTURE_AUTORELEASING = YES;
				CLANG_WARN_BOOL_CONVERSION = YES;
				CLANG_WARN_COMMA = YES;
				CLANG_WARN_CONSTANT_CONVERSION = YES;
				CLANG_WARN_DEPRECATED_OBJC_IMPLEMENTATIONS = YES;
				CLANG_WARN_DIRECT_OBJC_ISA_USAGE = YES_ERROR;
				CLANG_WARN_DOCUMENTATION_COMMENTS = YES;
				CLANG_WARN_EMPTY_BODY = YES;
				CLANG_WARN_ENUM_CONVERSION = YES;
				CLANG_WARN_INFINITE_RECURSION = YES;
				CLANG_WARN_INT_CONVERSION = YES;
				CLANG_WARN_NON_LITERAL_NULL_CONVERSION = YES;
				CLANG_WARN_OBJC_IMPLICIT_RETAIN_SELF = YES;
				CLANG_WARN_OBJC_LITERAL_CONVERSION = YES;
				CLANG_WARN_OBJC_ROOT_CLASS = YES_ERROR;
				CLANG_WARN_QUOTED_INCLUDE_IN_FRAMEWORK_HEADER = YES;
				CLANG_WARN_RANGE_LOOP_ANALYSIS = YES;
				CLANG_WARN_STRICT_PROTOTYPES = YES;
				CLANG_WARN_SUSPICIOUS_MOVE = YES;
				CLANG_WARN_UNGUARDED_AVAILABILITY = YES_AGGRESSIVE;
				CLANG_WARN_UNREACHABLE_CODE = YES;
				CLANG_WARN__DUPLICATE_METHOD_MATCH = YES;
				COPY_PHASE_STRIP = NO;
				DEBUG_INFORMATION_FORMAT = "dwarf-with-dsym";
				ENABLE_NS_ASSERTIONS = NO;
				ENABLE_STRICT_OBJC_MSGSEND = YES;
				GCC_C_LANGUAGE_STANDARD = gnu11;
				GCC_NO_COMMON_BLOCKS = YES;
				GCC_WARN_64_TO_32_BIT_CONVERSION = YES;
				GCC_WARN_ABOUT_RETURN_TYPE = YES_ERROR;
				GCC_WARN_UNDECLARED_SELECTOR = YES;
				GCC_WARN_UNINITIALIZED_AUTOS = YES_AGGRESSIVE;
				GCC_WARN_UNUSED_FUNCTION = YES;
				GCC_WARN_UNUSED_VARIABLE = YES;
				IPHONEOS_DEPLOYMENT_TARGET = 15.2;
				MTL_ENABLE_DEBUG_INFO = NO;
				MTL_FAST_MATH = YES;
				SDKROOT = iphoneos;
				SWIFT_COMPILATION_MODE = wholemodule;
				SWIFT_OPTIMIZATION_LEVEL = "-O";
				VALIDATE_PRODUCT = YES;
			};
			name = Release;
		};
		DE172D092818308600FE059A /* Debug */ = {
			isa = XCBuildConfiguration;
			buildSettings = {
				ASSETCATALOG_COMPILER_APPICON_NAME = AppIcon;
				ASSETCATALOG_COMPILER_GLOBAL_ACCENT_COLOR_NAME = AccentColor;
				CODE_SIGN_STYLE = Automatic;
				CURRENT_PROJECT_VERSION = 1;
				DEVELOPMENT_TEAM = 7CRNJ953YN;
				GENERATE_INFOPLIST_FILE = YES;
				INFOPLIST_FILE = "Background Modes Sound/Info.plist";
				INFOPLIST_KEY_UIApplicationSupportsIndirectInputEvents = YES;
				INFOPLIST_KEY_UILaunchStoryboardName = LaunchScreen;
				INFOPLIST_KEY_UIMainStoryboardFile = Main;
				INFOPLIST_KEY_UISupportedInterfaceOrientations_iPad = "UIInterfaceOrientationPortrait UIInterfaceOrientationPortraitUpsideDown UIInterfaceOrientationLandscapeLeft UIInterfaceOrientationLandscapeRight";
				INFOPLIST_KEY_UISupportedInterfaceOrientations_iPhone = "UIInterfaceOrientationPortrait UIInterfaceOrientationLandscapeLeft UIInterfaceOrientationLandscapeRight";
				LD_RUNPATH_SEARCH_PATHS = (
					"$(inherited)",
					"@executable_path/Frameworks",
				);
				MARKETING_VERSION = 1.0;
				PRODUCT_BUNDLE_IDENTIFIER = "com.omerKilicaslan.Background-Modes-Sound";
				PRODUCT_NAME = "$(TARGET_NAME)";
				SWIFT_EMIT_LOC_STRINGS = YES;
				SWIFT_VERSION = 5.0;
				TARGETED_DEVICE_FAMILY = "1,2";
			};
			name = Debug;
		};
		DE172D0A2818308600FE059A /* Release */ = {
			isa = XCBuildConfiguration;
			buildSettings = {
				ASSETCATALOG_COMPILER_APPICON_NAME = AppIcon;
				ASSETCATALOG_COMPILER_GLOBAL_ACCENT_COLOR_NAME = AccentColor;
				CODE_SIGN_STYLE = Automatic;
				CURRENT_PROJECT_VERSION = 1;
				DEVELOPMENT_TEAM = 7CRNJ953YN;
				GENERATE_INFOPLIST_FILE = YES;
				INFOPLIST_FILE = "Background Modes Sound/Info.plist";
				INFOPLIST_KEY_UIApplicationSupportsIndirectInputEvents = YES;
				INFOPLIST_KEY_UILaunchStoryboardName = LaunchScreen;
				INFOPLIST_KEY_UIMainStoryboardFile = Main;
				INFOPLIST_KEY_UISupportedInterfaceOrientations_iPad = "UIInterfaceOrientationPortrait UIInterfaceOrientationPortraitUpsideDown UIInterfaceOrientationLandscapeLeft UIInterfaceOrientationLandscapeRight";
				INFOPLIST_KEY_UISupportedInterfaceOrientations_iPhone = "UIInterfaceOrientationPortrait UIInterfaceOrientationLandscapeLeft UIInterfaceOrientationLandscapeRight";
				LD_RUNPATH_SEARCH_PATHS = (
					"$(inherited)",
					"@executable_path/Frameworks",
				);
				MARKETING_VERSION = 1.0;
				PRODUCT_BUNDLE_IDENTIFIER = "com.omerKilicaslan.Background-Modes-Sound";
				PRODUCT_NAME = "$(TARGET_NAME)";
				SWIFT_EMIT_LOC_STRINGS = YES;
				SWIFT_VERSION = 5.0;
				TARGETED_DEVICE_FAMILY = "1,2";
			};
			name = Release;
		};
		DE172D0C2818308600FE059A /* Debug */ = {
			isa = XCBuildConfiguration;
			buildSettings = {
				ALWAYS_EMBED_SWIFT_STANDARD_LIBRARIES = YES;
				BUNDLE_LOADER = "$(TEST_HOST)";
				CODE_SIGN_STYLE = Automatic;
				CURRENT_PROJECT_VERSION = 1;
				DEVELOPMENT_TEAM = 7CRNJ953YN;
				GENERATE_INFOPLIST_FILE = YES;
				IPHONEOS_DEPLOYMENT_TARGET = 15.2;
				MARKETING_VERSION = 1.0;
				PRODUCT_BUNDLE_IDENTIFIER = "com.omerKilicaslan.Background-Modes-SoundTests";
				PRODUCT_NAME = "$(TARGET_NAME)";
				SWIFT_EMIT_LOC_STRINGS = NO;
				SWIFT_VERSION = 5.0;
				TARGETED_DEVICE_FAMILY = "1,2";
				TEST_HOST = "$(BUILT_PRODUCTS_DIR)/Background Modes Sound.app/Background Modes Sound";
			};
			name = Debug;
		};
		DE172D0D2818308600FE059A /* Release */ = {
			isa = XCBuildConfiguration;
			buildSettings = {
				ALWAYS_EMBED_SWIFT_STANDARD_LIBRARIES = YES;
				BUNDLE_LOADER = "$(TEST_HOST)";
				CODE_SIGN_STYLE = Automatic;
				CURRENT_PROJECT_VERSION = 1;
				DEVELOPMENT_TEAM = 7CRNJ953YN;
				GENERATE_INFOPLIST_FILE = YES;
				IPHONEOS_DEPLOYMENT_TARGET = 15.2;
				MARKETING_VERSION = 1.0;
				PRODUCT_BUNDLE_IDENTIFIER = "com.omerKilicaslan.Background-Modes-SoundTests";
				PRODUCT_NAME = "$(TARGET_NAME)";
				SWIFT_EMIT_LOC_STRINGS = NO;
				SWIFT_VERSION = 5.0;
				TARGETED_DEVICE_FAMILY = "1,2";
				TEST_HOST = "$(BUILT_PRODUCTS_DIR)/Background Modes Sound.app/Background Modes Sound";
			};
			name = Release;
		};
		DE172D0F2818308600FE059A /* Debug */ = {
			isa = XCBuildConfiguration;
			buildSettings = {
				ALWAYS_EMBED_SWIFT_STANDARD_LIBRARIES = YES;
				CODE_SIGN_STYLE = Automatic;
				CURRENT_PROJECT_VERSION = 1;
				DEVELOPMENT_TEAM = 7CRNJ953YN;
				GENERATE_INFOPLIST_FILE = YES;
				MARKETING_VERSION = 1.0;
				PRODUCT_BUNDLE_IDENTIFIER = "com.omerKilicaslan.Background-Modes-SoundUITests";
				PRODUCT_NAME = "$(TARGET_NAME)";
				SWIFT_EMIT_LOC_STRINGS = NO;
				SWIFT_VERSION = 5.0;
				TARGETED_DEVICE_FAMILY = "1,2";
				TEST_TARGET_NAME = "Background Modes Sound";
			};
			name = Debug;
		};
		DE172D102818308600FE059A /* Release */ = {
			isa = XCBuildConfiguration;
			buildSettings = {
				ALWAYS_EMBED_SWIFT_STANDARD_LIBRARIES = YES;
				CODE_SIGN_STYLE = Automatic;
				CURRENT_PROJECT_VERSION = 1;
				DEVELOPMENT_TEAM = 7CRNJ953YN;
				GENERATE_INFOPLIST_FILE = YES;
				MARKETING_VERSION = 1.0;
				PRODUCT_BUNDLE_IDENTIFIER = "com.omerKilicaslan.Background-Modes-SoundUITests";
				PRODUCT_NAME = "$(TARGET_NAME)";
				SWIFT_EMIT_LOC_STRINGS = NO;
				SWIFT_VERSION = 5.0;
				TARGETED_DEVICE_FAMILY = "1,2";
				TEST_TARGET_NAME = "Background Modes Sound";
			};
			name = Release;
		};
/* End XCBuildConfiguration section */

/* Begin XCConfigurationList section */
		DE172CD92818308300FE059A /* Build configuration list for PBXProject "Background Modes Sound" */ = {
			isa = XCConfigurationList;
			buildConfigurations = (
				DE172D062818308600FE059A /* Debug */,
				DE172D072818308600FE059A /* Release */,
			);
			defaultConfigurationIsVisible = 0;
			defaultConfigurationName = Release;
		};
		DE172D082818308600FE059A /* Build configuration list for PBXNativeTarget "Background Modes Sound" */ = {
			isa = XCConfigurationList;
			buildConfigurations = (
				DE172D092818308600FE059A /* Debug */,
				DE172D0A2818308600FE059A /* Release */,
			);
			defaultConfigurationIsVisible = 0;
			defaultConfigurationName = Release;
		};
		DE172D0B2818308600FE059A /* Build configuration list for PBXNativeTarget "Background Modes SoundTests" */ = {
			isa = XCConfigurationList;
			buildConfigurations = (
				DE172D0C2818308600FE059A /* Debug */,
				DE172D0D2818308600FE059A /* Release */,
			);
			defaultConfigurationIsVisible = 0;
			defaultConfigurationName = Release;
		};
		DE172D0E2818308600FE059A /* Build configuration list for PBXNativeTarget "Background Modes SoundUITests" */ = {
			isa = XCConfigurationList;
			buildConfigurations = (
				DE172D0F2818308600FE059A /* Debug */,
				DE172D102818308600FE059A /* Release */,
			);
			defaultConfigurationIsVisible = 0;
			defaultConfigurationName = Release;
		};
/* End XCConfigurationList section */
	};
	rootObject = DE172CD62818308300FE059A /* Project object */;
}
